{
  "name": "bait_boat",
  "lockfileVersion": 3,
  "requires": true,
  "packages": {
    "": {
      "dependencies": {
        "cordova-plugin-hotspot": "^1.2.10"
      }
    },
    "node_modules/cordova-plugin-hotspot": {
      "version": "1.2.10",
      "resolved": "https://registry.npmjs.org/cordova-plugin-hotspot/-/cordova-plugin-hotspot-1.2.10.tgz",
      "integrity": "sha512-qHjVXVqnxGLscZNldKpt95zKRCPzkHafvB/j4rk/qQ/a8ZuyJp2yOufW/ctDb4J0lS6Jj5XogNouISD1KnCKWg==",
      "license": "MIT"
    }
  }
}
