{
  "name": "wpam24z",
  "lockfileVersion": 3,
  "requires": true,
  "packages": {
    "": {
      "dependencies": {
        "@angular/common": "^19.1.3",
        "@ionic/storage-angular": "^4.0.0",
        "cordova-plugin-hotspot": "^1.2.10"
      }
    },
    "node_modules/@angular/common": {
      "version": "19.1.3",
      "resolved": "https://registry.npmjs.org/@angular/common/-/common-19.1.3.tgz",
      "integrity": "sha512-r1P0W6FKrON83szIJboF8z6UNCVL4HIxyD+nhmHMMT/iJpu4kDHVugaN/+w2jYLb4oelAJK5xzkzA+1IaHpzLg==",
      "dependencies": {
        "tslib": "^2.3.0"
      },
      "engines": {
        "node": "^18.19.1 || ^20.11.1 || >=22.0.0"
      },
      "peerDependencies": {
        "@angular/core": "19.1.3",
        "rxjs": "^6.5.3 || ^7.4.0"
      }
    },
    "node_modules/@angular/core": {
      "version": "19.1.3",
      "resolved": "https://registry.npmjs.org/@angular/core/-/core-19.1.3.tgz",
      "integrity": "sha512-Hh1eHvi+y+gsTRODiEEEWnRj5zqv9WNoou1KmQ1mv1NTOf0Pv61Hg9P2rBWDr0mPIXFSzqUKjyzW30BgdQ+AEA==",
      "peer": true,
      "dependencies": {
        "tslib": "^2.3.0"
      },
      "engines": {
        "node": "^18.19.1 || ^20.11.1 || >=22.0.0"
      },
      "peerDependencies": {
        "rxjs": "^6.5.3 || ^7.4.0",
        "zone.js": "~0.15.0"
      }
    },
    "node_modules/@ionic/storage": {
      "version": "4.0.0",
      "resolved": "https://registry.npmjs.org/@ionic/storage/-/storage-4.0.0.tgz",
      "integrity": "sha512-3N21P19Xk6cICLnSXZ3ilRqbSXAGSFeIF3HNqz+1kARcm0UFT/vwmZreaXtFyq437vvEWOfJ2enlj3JHLKS0FA==",
      "dependencies": {
        "localforage": "^1.9.0"
      }
    },
    "node_modules/@ionic/storage-angular": {
      "version": "4.0.0",
      "resolved": "https://registry.npmjs.org/@ionic/storage-angular/-/storage-angular-4.0.0.tgz",
      "integrity": "sha512-FeSmCMCm1bMRfu5TFSqLtjdfEo/dLLUhLIrPmbhSYomVZdV/dNn4mBZv9SabyxSqn4bF31hw40y+4buhG+durQ==",
      "dependencies": {
        "@ionic/storage": "^4.0.0",
        "tslib": "^2.3.0"
      },
      "peerDependencies": {
        "@angular/core": "*",
        "rxjs": "*"
      }
    },
    "node_modules/cordova-plugin-hotspot": {
      "version": "1.2.10",
      "resolved": "https://registry.npmjs.org/cordova-plugin-hotspot/-/cordova-plugin-hotspot-1.2.10.tgz",
      "integrity": "sha512-qHjVXVqnxGLscZNldKpt95zKRCPzkHafvB/j4rk/qQ/a8ZuyJp2yOufW/ctDb4J0lS6Jj5XogNouISD1KnCKWg==",
      "license": "MIT"
    },
    "node_modules/immediate": {
      "version": "3.0.6",
      "resolved": "https://registry.npmjs.org/immediate/-/immediate-3.0.6.tgz",
      "integrity": "sha512-XXOFtyqDjNDAQxVfYxuF7g9Il/IbWmmlQg2MYKOH8ExIT1qg6xc4zyS3HaEEATgs1btfzxq15ciUiY7gjSXRGQ=="
    },
    "node_modules/lie": {
      "version": "3.1.1",
      "resolved": "https://registry.npmjs.org/lie/-/lie-3.1.1.tgz",
      "integrity": "sha512-RiNhHysUjhrDQntfYSfY4MU24coXXdEOgw9WGcKHNeEwffDYbF//u87M1EWaMGzuFoSbqW0C9C6lEEhDOAswfw==",
      "dependencies": {
        "immediate": "~3.0.5"
      }
    },
    "node_modules/localforage": {
      "version": "1.10.0",
      "resolved": "https://registry.npmjs.org/localforage/-/localforage-1.10.0.tgz",
      "integrity": "sha512-14/H1aX7hzBBmmh7sGPd+AOMkkIrHM3Z1PAyGgZigA1H1p5O5ANnMyWzvpAETtG68/dC4pC0ncy3+PPGzXZHPg==",
      "dependencies": {
        "lie": "3.1.1"
      }
    },
    "node_modules/rxjs": {
      "version": "7.8.1",
      "resolved": "https://registry.npmjs.org/rxjs/-/rxjs-7.8.1.tgz",
      "integrity": "sha512-AA3TVj+0A2iuIoQkWEK/tqFjBq2j+6PO6Y0zJcvzLAFhEFIO3HL0vls9hWLncZbAAbK0mar7oZ4V079I/qPMxg==",
      "peer": true,
      "dependencies": {
        "tslib": "^2.1.0"
      }
    },
    "node_modules/tslib": {
      "version": "2.8.1",
      "resolved": "https://registry.npmjs.org/tslib/-/tslib-2.8.1.tgz",
      "integrity": "sha512-oJFu94HQb+KVduSUQL7wnpmqnfmLsOA/nAh6b6EH0wCEoK0/mPeXU6c3wKDV83MkOuHPRHtSXKKU99IBazS/2w=="
    },
    "node_modules/zone.js": {
      "version": "0.15.0",
      "resolved": "https://registry.npmjs.org/zone.js/-/zone.js-0.15.0.tgz",
      "integrity": "sha512-9oxn0IIjbCZkJ67L+LkhYWRyAy7axphb3VgE2MBDlOqnmHMPWGYMxJxBYFueFq/JGY2GMwS0rU+UCLunEmy5UA==",
      "peer": true
    }
  }
}
